// !$*UTF8*$!
{
	archiveVersion = 1;
	classes = {
	};
	objectVersion = 70;
	objects = {

/* Begin PBXBuildFile section */
		BB180F092C19F9C50060F6E4 /* AppState.swift in Sources */ = {isa = PBXBuildFile; fileRef = BB180F082C19F9C50060F6E4 /* AppState.swift */; };
		BB5954542C1911EF003838AB /* Mesh_Background_CreatorApp.swift in Sources */ = {isa = PBXBuildFile; fileRef = BB5954532C1911EF003838AB /* Mesh_Background_CreatorApp.swift */; };
		BB5954582C1911F0003838AB /* Assets.xcassets in Resources */ = {isa = PBXBuildFile; fileRef = BB5954572C1911F0003838AB /* Assets.xcassets */; };
		BB59545B2C1911F0003838AB /* Preview Assets.xcassets in Resources */ = {isa = PBXBuildFile; fileRef = BB59545A2C1911F0003838AB /* Preview Assets.xcassets */; };
		BB929F532C20D4FA00C95E99 /* MeshGradient_CreatorApp.swift in Sources */ = {isa = PBXBuildFile; fileRef = BB929F522C20D4FA00C95E99 /* MeshGradient_CreatorApp.swift */; };
		BB929F572C20D4FB00C95E99 /* Assets.xcassets in Resources */ = {isa = PBXBuildFile; fileRef = BB929F562C20D4FB00C95E99 /* Assets.xcassets */; };
		BB929F5A2C20D4FB00C95E99 /* Preview Assets.xcassets in Resources */ = {isa = PBXBuildFile; fileRef = BB929F592C20D4FB00C95E99 /* Preview Assets.xcassets */; };
		BB929F642C20D5D300C95E99 /* AppState.swift in Sources */ = {isa = PBXBuildFile; fileRef = BB180F082C19F9C50060F6E4 /* AppState.swift */; };
		BBA246052C2126BC008C622F /* Launch Screen.storyboard in Resources */ = {isa = PBXBuildFile; fileRef = BBA246042C2126BC008C622F /* Launch Screen.storyboard */; };
/* End PBXBuildFile section */

/* Begin PBXFileReference section */
		BB180F082C19F9C50060F6E4 /* AppState.swift */ = {isa = PBXFileReference; lastKnownFileType = sourcecode.swift; path = AppState.swift; sourceTree = "<group>"; };
		BB5954502C1911EF003838AB /* Mesh Background Creator.app */ = {isa = PBXFileReference; explicitFileType = wrapper.application; includeInIndex = 0; path = "Mesh Background Creator.app"; sourceTree = BUILT_PRODUCTS_DIR; };
		BB5954532C1911EF003838AB /* Mesh_Background_CreatorApp.swift */ = {isa = PBXFileReference; lastKnownFileType = sourcecode.swift; path = Mesh_Background_CreatorApp.swift; sourceTree = "<group>"; };
		BB5954572C1911F0003838AB /* Assets.xcassets */ = {isa = PBXFileReference; lastKnownFileType = folder.assetcatalog; path = Assets.xcassets; sourceTree = "<group>"; };
		BB59545A2C1911F0003838AB /* Preview Assets.xcassets */ = {isa = PBXFileReference; lastKnownFileType = folder.assetcatalog; path = "Preview Assets.xcassets"; sourceTree = "<group>"; };
		BB59545C2C1911F0003838AB /* Mesh_Background_Creator.entitlements */ = {isa = PBXFileReference; lastKnownFileType = text.plist.entitlements; path = Mesh_Background_Creator.entitlements; sourceTree = "<group>"; };
		BB929F502C20D4FA00C95E99 /* MeshGradient Creator.app */ = {isa = PBXFileReference; explicitFileType = wrapper.application; includeInIndex = 0; path = "MeshGradient Creator.app"; sourceTree = BUILT_PRODUCTS_DIR; };
		BB929F522C20D4FA00C95E99 /* MeshGradient_CreatorApp.swift */ = {isa = PBXFileReference; lastKnownFileType = sourcecode.swift; path = MeshGradient_CreatorApp.swift; sourceTree = "<group>"; };
		BB929F562C20D4FB00C95E99 /* Assets.xcassets */ = {isa = PBXFileReference; lastKnownFileType = folder.assetcatalog; path = Assets.xcassets; sourceTree = "<group>"; };
		BB929F592C20D4FB00C95E99 /* Preview Assets.xcassets */ = {isa = PBXFileReference; lastKnownFileType = folder.assetcatalog; path = "Preview Assets.xcassets"; sourceTree = "<group>"; };
		BBA246042C2126BC008C622F /* Launch Screen.storyboard */ = {isa = PBXFileReference; lastKnownFileType = file.storyboard; path = "Launch Screen.storyboard"; sourceTree = "<group>"; };
/* End PBXFileReference section */

/* Begin PBXFileSystemSynchronizedBuildFileExceptionSet section */
		BB46CE3B2C1AAB4600508E96 /* PBXFileSystemSynchronizedBuildFileExceptionSet */ = {
			isa = PBXFileSystemSynchronizedBuildFileExceptionSet;
			membershipExceptions = (
				CodeView.swift,
				InspectorView.swift,
				Menus.swift,
				MeshCreatorView.swift,
				PointView.swift,
			);
			target = BB59544F2C1911EF003838AB /* Mesh Background Creator */;
		};
		BB46CE4C2C1AABEE00508E96 /* PBXFileSystemSynchronizedBuildFileExceptionSet */ = {
			isa = PBXFileSystemSynchronizedBuildFileExceptionSet;
			membershipExceptions = (
				Device.swift,
				Models.swift,
			);
			target = BB59544F2C1911EF003838AB /* Mesh Background Creator */;
		};
		BB929F5F2C20D52E00C95E99 /* PBXFileSystemSynchronizedBuildFileExceptionSet */ = {
			isa = PBXFileSystemSynchronizedBuildFileExceptionSet;
			membershipExceptions = (
				CodeView.swift,
				InspectorView.swift,
				MeshCreatorView.swift,
				PointView.swift,
			);
			target = BB929F4F2C20D4FA00C95E99 /* MeshGradient Creator */;
		};
		BB929F632C20D5BD00C95E99 /* PBXFileSystemSynchronizedBuildFileExceptionSet */ = {
			isa = PBXFileSystemSynchronizedBuildFileExceptionSet;
			membershipExceptions = (
				Device.swift,
				Models.swift,
			);
			target = BB929F4F2C20D4FA00C95E99 /* MeshGradient Creator */;
		};
		BB929F6C2C20D68E00C95E99 /* PBXFileSystemSynchronizedBuildFileExceptionSet */ = {
			isa = PBXFileSystemSynchronizedBuildFileExceptionSet;
			membershipExceptions = (
				"Color+Extension.swift",
				"PlaformColor+Extension.swift",
				ReadSizeViewExtension.swift,
			);
			target = BB929F4F2C20D4FA00C95E99 /* MeshGradient Creator */;
		};
/* End PBXFileSystemSynchronizedBuildFileExceptionSet section */

/* Begin PBXFileSystemSynchronizedRootGroup section */
		BB46CE3A2C1AAB4600508E96 /* Views */ = {isa = PBXFileSystemSynchronizedRootGroup; exceptions = (BB46CE3B2C1AAB4600508E96 /* PBXFileSystemSynchronizedBuildFileExceptionSet */, BB929F5F2C20D52E00C95E99 /* PBXFileSystemSynchronizedBuildFileExceptionSet */, ); explicitFileTypes = {}; explicitFolders = (); path = Views; sourceTree = "<group>"; };
		BB46CE3F2C1AABA200508E96 /* Extensions */ = {isa = PBXFileSystemSynchronizedRootGroup; exceptions = (BB929F6C2C20D68E00C95E99 /* PBXFileSystemSynchronizedBuildFileExceptionSet */, ); explicitFileTypes = {}; explicitFolders = (); path = Extensions; sourceTree = "<group>"; };
		BB46CE4B2C1AABEE00508E96 /* Object Models */ = {isa = PBXFileSystemSynchronizedRootGroup; exceptions = (BB46CE4C2C1AABEE00508E96 /* PBXFileSystemSynchronizedBuildFileExceptionSet */, BB929F632C20D5BD00C95E99 /* PBXFileSystemSynchronizedBuildFileExceptionSet */, ); explicitFileTypes = {}; explicitFolders = (); path = "Object Models"; sourceTree = "<group>"; };
/* End PBXFileSystemSynchronizedRootGroup section */

/* Begin PBXFrameworksBuildPhase section */
		BB59544D2C1911EF003838AB /* Frameworks */ = {
			isa = PBXFrameworksBuildPhase;
			buildActionMask = 2147483647;
			files = (
			);
			runOnlyForDeploymentPostprocessing = 0;
		};
		BB929F4D2C20D4FA00C95E99 /* Frameworks */ = {
			isa = PBXFrameworksBuildPhase;
			buildActionMask = 2147483647;
			files = (
			);
			runOnlyForDeploymentPostprocessing = 0;
		};
/* End PBXFrameworksBuildPhase section */

/* Begin PBXGroup section */
		BB5954472C1911EF003838AB = {
			isa = PBXGroup;
			children = (
				BB5954522C1911EF003838AB /* Mesh Background Creator */,
				BB929F512C20D4FA00C95E99 /* MeshGradient Creator */,
				BB5954512C1911EF003838AB /* Products */,
			);
			sourceTree = "<group>";
		};
		BB5954512C1911EF003838AB /* Products */ = {
			isa = PBXGroup;
			children = (
				BB5954502C1911EF003838AB /* Mesh Background Creator.app */,
				BB929F502C20D4FA00C95E99 /* MeshGradient Creator.app */,
			);
			name = Products;
			sourceTree = "<group>";
		};
		BB5954522C1911EF003838AB /* Mesh Background Creator */ = {
			isa = PBXGroup;
			children = (
				BB5954532C1911EF003838AB /* Mesh_Background_CreatorApp.swift */,
				BB180F082C19F9C50060F6E4 /* AppState.swift */,
				BB46CE3A2C1AAB4600508E96 /* Views */,
				BB46CE4B2C1AABEE00508E96 /* Object Models */,
				BB46CE3F2C1AABA200508E96 /* Extensions */,
				BB5954572C1911F0003838AB /* Assets.xcassets */,
				BB59545C2C1911F0003838AB /* Mesh_Background_Creator.entitlements */,
				BB5954592C1911F0003838AB /* Preview Content */,
			);
			path = "Mesh Background Creator";
			sourceTree = "<group>";
		};
		BB5954592C1911F0003838AB /* Preview Content */ = {
			isa = PBXGroup;
			children = (
				BB59545A2C1911F0003838AB /* Preview Assets.xcassets */,
			);
			path = "Preview Content";
			sourceTree = "<group>";
		};
		BB929F512C20D4FA00C95E99 /* MeshGradient Creator */ = {
			isa = PBXGroup;
			children = (
				BB929F522C20D4FA00C95E99 /* MeshGradient_CreatorApp.swift */,
				BB929F562C20D4FB00C95E99 /* Assets.xcassets */,
				BB929F582C20D4FB00C95E99 /* Preview Content */,
				BBA246042C2126BC008C622F /* Launch Screen.storyboard */,
			);
			path = "MeshGradient Creator";
			sourceTree = "<group>";
		};
		BB929F582C20D4FB00C95E99 /* Preview Content */ = {
			isa = PBXGroup;
			children = (
				BB929F592C20D4FB00C95E99 /* Preview Assets.xcassets */,
			);
			path = "Preview Content";
			sourceTree = "<group>";
		};
/* End PBXGroup section */

/* Begin PBXNativeTarget section */
		BB59544F2C1911EF003838AB /* Mesh Background Creator */ = {
			isa = PBXNativeTarget;
			buildConfigurationList = BB59545F2C1911F0003838AB /* Build configuration list for PBXNativeTarget "Mesh Background Creator" */;
			buildPhases = (
				BB59544C2C1911EF003838AB /* Sources */,
				BB59544D2C1911EF003838AB /* Frameworks */,
				BB59544E2C1911EF003838AB /* Resources */,
			);
			buildRules = (
			);
			dependencies = (
			);
			fileSystemSynchronizedGroups = (
				BB46CE3F2C1AABA200508E96 /* Extensions */,
			);
			name = "Mesh Background Creator";
			productName = "Mesh Background Creator";
			productReference = BB5954502C1911EF003838AB /* Mesh Background Creator.app */;
			productType = "com.apple.product-type.application";
		};
		BB929F4F2C20D4FA00C95E99 /* MeshGradient Creator */ = {
			isa = PBXNativeTarget;
			buildConfigurationList = BB929F5D2C20D4FB00C95E99 /* Build configuration list for PBXNativeTarget "MeshGradient Creator" */;
			buildPhases = (
				BB929F4C2C20D4FA00C95E99 /* Sources */,
				BB929F4D2C20D4FA00C95E99 /* Frameworks */,
				BB929F4E2C20D4FA00C95E99 /* Resources */,
			);
			buildRules = (
			);
			dependencies = (
			);
			name = "MeshGradient Creator";
			productName = "MeshGradient Creator";
			productReference = BB929F502C20D4FA00C95E99 /* MeshGradient Creator.app */;
			productType = "com.apple.product-type.application";
		};
/* End PBXNativeTarget section */

/* Begin PBXProject section */
		BB5954482C1911EF003838AB /* Project object */ = {
			isa = PBXProject;
			attributes = {
				BuildIndependentTargetsInParallel = 1;
				LastSwiftUpdateCheck = 1600;
				LastUpgradeCheck = 1600;
				TargetAttributes = {
					BB59544F2C1911EF003838AB = {
						CreatedOnToolsVersion = 16.0;
					};
					BB929F4F2C20D4FA00C95E99 = {
						CreatedOnToolsVersion = 16.0;
					};
				};
			};
			buildConfigurationList = BB59544B2C1911EF003838AB /* Build configuration list for PBXProject "Mesh Background Creator" */;
			compatibilityVersion = "Xcode 15.0";
			developmentRegion = en;
			hasScannedForEncodings = 0;
			knownRegions = (
				en,
				Base,
			);
			mainGroup = BB5954472C1911EF003838AB;
			productRefGroup = BB5954512C1911EF003838AB /* Products */;
			projectDirPath = "";
			projectRoot = "";
			targets = (
				BB59544F2C1911EF003838AB /* Mesh Background Creator */,
				BB929F4F2C20D4FA00C95E99 /* MeshGradient Creator */,
			);
		};
/* End PBXProject section */

/* Begin PBXResourcesBuildPhase section */
		BB59544E2C1911EF003838AB /* Resources */ = {
			isa = PBXResourcesBuildPhase;
			buildActionMask = 2147483647;
			files = (
				BB59545B2C1911F0003838AB /* Preview Assets.xcassets in Resources */,
				BB5954582C1911F0003838AB /* Assets.xcassets in Resources */,
			);
			runOnlyForDeploymentPostprocessing = 0;
		};
		BB929F4E2C20D4FA00C95E99 /* Resources */ = {
			isa = PBXResourcesBuildPhase;
			buildActionMask = 2147483647;
			files = (
				BBA246052C2126BC008C622F /* Launch Screen.storyboard in Resources */,
				BB929F5A2C20D4FB00C95E99 /* Preview Assets.xcassets in Resources */,
				BB929F572C20D4FB00C95E99 /* Assets.xcassets in Resources */,
			);
			runOnlyForDeploymentPostprocessing = 0;
		};
/* End PBXResourcesBuildPhase section */

/* Begin PBXSourcesBuildPhase section */
		BB59544C2C1911EF003838AB /* Sources */ = {
			isa = PBXSourcesBuildPhase;
			buildActionMask = 2147483647;
			files = (
				BB5954542C1911EF003838AB /* Mesh_Background_CreatorApp.swift in Sources */,
				BB180F092C19F9C50060F6E4 /* AppState.swift in Sources */,
			);
			runOnlyForDeploymentPostprocessing = 0;
		};
		BB929F4C2C20D4FA00C95E99 /* Sources */ = {
			isa = PBXSourcesBuildPhase;
			buildActionMask = 2147483647;
			files = (
				BB929F642C20D5D300C95E99 /* AppState.swift in Sources */,
				BB929F532C20D4FA00C95E99 /* MeshGradient_CreatorApp.swift in Sources */,
			);
			runOnlyForDeploymentPostprocessing = 0;
		};
/* End PBXSourcesBuildPhase section */

/* Begin XCBuildConfiguration section */
		BB59545D2C1911F0003838AB /* Debug */ = {
			isa = XCBuildConfiguration;
			buildSettings = {
				ALWAYS_SEARCH_USER_PATHS = NO;
				ASSETCATALOG_COMPILER_GENERATE_SWIFT_ASSET_SYMBOL_EXTENSIONS = YES;
				CLANG_ANALYZER_NONNULL = YES;
				CLANG_ANALYZER_NUMBER_OBJECT_CONVERSION = YES_AGGRESSIVE;
				CLANG_CXX_LANGUAGE_STANDARD = "gnu++20";
				CLANG_ENABLE_MODULES = YES;
				CLANG_ENABLE_OBJC_ARC = YES;
				CLANG_ENABLE_OBJC_WEAK = YES;
				CLANG_WARN_BLOCK_CAPTURE_AUTORELEASING = YES;
				CLANG_WARN_BOOL_CONVERSION = YES;
				CLANG_WARN_COMMA = YES;
				CLANG_WARN_CONSTANT_CONVERSION = YES;
				CLANG_WARN_DEPRECATED_OBJC_IMPLEMENTATIONS = YES;
				CLANG_WARN_DIRECT_OBJC_ISA_USAGE = YES_ERROR;
				CLANG_WARN_DOCUMENTATION_COMMENTS = YES;
				CLANG_WARN_EMPTY_BODY = YES;
				CLANG_WARN_ENUM_CONVERSION = YES;
				CLANG_WARN_INFINITE_RECURSION = YES;
				CLANG_WARN_INT_CONVERSION = YES;
				CLANG_WARN_NON_LITERAL_NULL_CONVERSION = YES;
				CLANG_WARN_OBJC_IMPLICIT_RETAIN_SELF = YES;
				CLANG_WARN_OBJC_LITERAL_CONVERSION = YES;
				CLANG_WARN_OBJC_ROOT_CLASS = YES_ERROR;
				CLANG_WARN_QUOTED_INCLUDE_IN_FRAMEWORK_HEADER = YES;
				CLANG_WARN_RANGE_LOOP_ANALYSIS = YES;
				CLANG_WARN_STRICT_PROTOTYPES = YES;
				CLANG_WARN_SUSPICIOUS_MOVE = YES;
				CLANG_WARN_UNGUARDED_AVAILABILITY = YES_AGGRESSIVE;
				CLANG_WARN_UNREACHABLE_CODE = YES;
				CLANG_WARN__DUPLICATE_METHOD_MATCH = YES;
				COPY_PHASE_STRIP = NO;
				DEBUG_INFORMATION_FORMAT = dwarf;
				ENABLE_STRICT_OBJC_MSGSEND = YES;
				ENABLE_TESTABILITY = YES;
				ENABLE_USER_SCRIPT_SANDBOXING = YES;
				GCC_C_LANGUAGE_STANDARD = gnu17;
				GCC_DYNAMIC_NO_PIC = NO;
				GCC_NO_COMMON_BLOCKS = YES;
				GCC_OPTIMIZATION_LEVEL = 0;
				GCC_PREPROCESSOR_DEFINITIONS = (
					"DEBUG=1",
					"$(inherited)",
				);
				GCC_WARN_64_TO_32_BIT_CONVERSION = YES;
				GCC_WARN_ABOUT_RETURN_TYPE = YES_ERROR;
				GCC_WARN_UNDECLARED_SELECTOR = YES;
				GCC_WARN_UNINITIALIZED_AUTOS = YES_AGGRESSIVE;
				GCC_WARN_UNUSED_FUNCTION = YES;
				GCC_WARN_UNUSED_VARIABLE = YES;
				LOCALIZATION_PREFERS_STRING_CATALOGS = YES;
				MACOSX_DEPLOYMENT_TARGET = 15.0;
				MTL_ENABLE_DEBUG_INFO = INCLUDE_SOURCE;
				MTL_FAST_MATH = YES;
				ONLY_ACTIVE_ARCH = YES;
				SDKROOT = macosx;
				SWIFT_ACTIVE_COMPILATION_CONDITIONS = "DEBUG $(inherited)";
				SWIFT_OPTIMIZATION_LEVEL = "-Onone";
			};
			name = Debug;
		};
		BB59545E2C1911F0003838AB /* Release */ = {
			isa = XCBuildConfiguration;
			buildSettings = {
				ALWAYS_SEARCH_USER_PATHS = NO;
				ASSETCATALOG_COMPILER_GENERATE_SWIFT_ASSET_SYMBOL_EXTENSIONS = YES;
				CLANG_ANALYZER_NONNULL = YES;
				CLANG_ANALYZER_NUMBER_OBJECT_CONVERSION = YES_AGGRESSIVE;
				CLANG_CXX_LANGUAGE_STANDARD = "gnu++20";
				CLANG_ENABLE_MODULES = YES;
				CLANG_ENABLE_OBJC_ARC = YES;
				CLANG_ENABLE_OBJC_WEAK = YES;
				CLANG_WARN_BLOCK_CAPTURE_AUTORELEASING = YES;
				CLANG_WARN_BOOL_CONVERSION = YES;
				CLANG_WARN_COMMA = YES;
				CLANG_WARN_CONSTANT_CONVERSION = YES;
				CLANG_WARN_DEPRECATED_OBJC_IMPLEMENTATIONS = YES;
				CLANG_WARN_DIRECT_OBJC_ISA_USAGE = YES_ERROR;
				CLANG_WARN_DOCUMENTATION_COMMENTS = YES;
				CLANG_WARN_EMPTY_BODY = YES;
				CLANG_WARN_ENUM_CONVERSION = YES;
				CLANG_WARN_INFINITE_RECURSION = YES;
				CLANG_WARN_INT_CONVERSION = YES;
				CLANG_WARN_NON_LITERAL_NULL_CONVERSION = YES;
				CLANG_WARN_OBJC_IMPLICIT_RETAIN_SELF = YES;
				CLANG_WARN_OBJC_LITERAL_CONVERSION = YES;
				CLANG_WARN_OBJC_ROOT_CLASS = YES_ERROR;
				CLANG_WARN_QUOTED_INCLUDE_IN_FRAMEWORK_HEADER = YES;
				CLANG_WARN_RANGE_LOOP_ANALYSIS = YES;
				CLANG_WARN_STRICT_PROTOTYPES = YES;
				CLANG_WARN_SUSPICIOUS_MOVE = YES;
				CLANG_WARN_UNGUARDED_AVAILABILITY = YES_AGGRESSIVE;
				CLANG_WARN_UNREACHABLE_CODE = YES;
				CLANG_WARN__DUPLICATE_METHOD_MATCH = YES;
				COPY_PHASE_STRIP = NO;
				DEBUG_INFORMATION_FORMAT = "dwarf-with-dsym";
				ENABLE_NS_ASSERTIONS = NO;
				ENABLE_STRICT_OBJC_MSGSEND = YES;
				ENABLE_USER_SCRIPT_SANDBOXING = YES;
				GCC_C_LANGUAGE_STANDARD = gnu17;
				GCC_NO_COMMON_BLOCKS = YES;
				GCC_WARN_64_TO_32_BIT_CONVERSION = YES;
				GCC_WARN_ABOUT_RETURN_TYPE = YES_ERROR;
				GCC_WARN_UNDECLARED_SELECTOR = YES;
				GCC_WARN_UNINITIALIZED_AUTOS = YES_AGGRESSIVE;
				GCC_WARN_UNUSED_FUNCTION = YES;
				GCC_WARN_UNUSED_VARIABLE = YES;
				LOCALIZATION_PREFERS_STRING_CATALOGS = YES;
				MACOSX_DEPLOYMENT_TARGET = 15.0;
				MTL_ENABLE_DEBUG_INFO = NO;
				MTL_FAST_MATH = YES;
				SDKROOT = macosx;
				SWIFT_COMPILATION_MODE = wholemodule;
			};
			name = Release;
		};
		BB5954602C1911F0003838AB /* Debug */ = {
			isa = XCBuildConfiguration;
			buildSettings = {
				ASSETCATALOG_COMPILER_APPICON_NAME = AppIcon;
				ASSETCATALOG_COMPILER_GLOBAL_ACCENT_COLOR_NAME = AccentColor;
				CODE_SIGN_ENTITLEMENTS = "Mesh Background Creator/Mesh_Background_Creator.entitlements";
				CODE_SIGN_STYLE = Automatic;
				COMBINE_HIDPI_IMAGES = YES;
				CURRENT_PROJECT_VERSION = 1;
				DEVELOPMENT_ASSET_PATHS = "\"Mesh Background Creator/Preview Content\"";
				DEVELOPMENT_TEAM = RKV4UP49S6;
				ENABLE_HARDENED_RUNTIME = YES;
				ENABLE_PREVIEWS = YES;
				GENERATE_INFOPLIST_FILE = YES;
				INFOPLIST_KEY_LSApplicationCategoryType = "public.app-category.developer-tools";
				INFOPLIST_KEY_NSHumanReadableCopyright = "";
				LD_RUNPATH_SEARCH_PATHS = (
					"$(inherited)",
					"@executable_path/../Frameworks",
				);
				MARKETING_VERSION = 1.1;
				PRODUCT_BUNDLE_IDENTIFIER = "com.createchsol.Mesh-Background-Creator";
				PRODUCT_NAME = "$(TARGET_NAME)";
				SWIFT_EMIT_LOC_STRINGS = YES;
				SWIFT_VERSION = 5.0;
			};
			name = Debug;
		};
		BB5954612C1911F0003838AB /* Release */ = {
			isa = XCBuildConfiguration;
			buildSettings = {
				ASSETCATALOG_COMPILER_APPICON_NAME = AppIcon;
				ASSETCATALOG_COMPILER_GLOBAL_ACCENT_COLOR_NAME = AccentColor;
				CODE_SIGN_ENTITLEMENTS = "Mesh Background Creator/Mesh_Background_Creator.entitlements";
				CODE_SIGN_STYLE = Automatic;
				COMBINE_HIDPI_IMAGES = YES;
				CURRENT_PROJECT_VERSION = 1;
				DEVELOPMENT_ASSET_PATHS = "\"Mesh Background Creator/Preview Content\"";
				DEVELOPMENT_TEAM = RKV4UP49S6;
				ENABLE_HARDENED_RUNTIME = YES;
				ENABLE_PREVIEWS = YES;
				GENERATE_INFOPLIST_FILE = YES;
				INFOPLIST_KEY_LSApplicationCategoryType = "public.app-category.developer-tools";
				INFOPLIST_KEY_NSHumanReadableCopyright = "";
				LD_RUNPATH_SEARCH_PATHS = (
					"$(inherited)",
					"@executable_path/../Frameworks",
				);
				MARKETING_VERSION = 1.1;
				PRODUCT_BUNDLE_IDENTIFIER = "com.createchsol.Mesh-Background-Creator";
				PRODUCT_NAME = "$(TARGET_NAME)";
				SWIFT_EMIT_LOC_STRINGS = YES;
				SWIFT_VERSION = 5.0;
			};
			name = Release;
		};
		BB929F5B2C20D4FB00C95E99 /* Debug */ = {
			isa = XCBuildConfiguration;
			buildSettings = {
				ASSETCATALOG_COMPILER_APPICON_NAME = AppIcon;
				ASSETCATALOG_COMPILER_GLOBAL_ACCENT_COLOR_NAME = AccentColor;
				CODE_SIGN_STYLE = Automatic;
				CURRENT_PROJECT_VERSION = 1;
				DEVELOPMENT_ASSET_PATHS = "\"MeshGradient Creator/Preview Content\"";
				DEVELOPMENT_TEAM = RKV4UP49S6;
				ENABLE_PREVIEWS = YES;
				GENERATE_INFOPLIST_FILE = YES;
				INFOPLIST_KEY_UIApplicationSceneManifest_Generation = YES;
				INFOPLIST_KEY_UIApplicationSupportsIndirectInputEvents = YES;
				INFOPLIST_KEY_UILaunchScreen_Generation = YES;
				INFOPLIST_KEY_UILaunchStoryboardName = "Launch Screen.storyboard";
				INFOPLIST_KEY_UISupportedInterfaceOrientations_iPad = "UIInterfaceOrientationLandscapeLeft UIInterfaceOrientationPortraitUpsideDown UIInterfaceOrientationPortrait UIInterfaceOrientationLandscapeRight";
				INFOPLIST_KEY_UISupportedInterfaceOrientations_iPhone = UIInterfaceOrientationPortrait;
				IPHONEOS_DEPLOYMENT_TARGET = 18.0;
				LD_RUNPATH_SEARCH_PATHS = (
					"$(inherited)",
					"@executable_path/Frameworks",
				);
				MARKETING_VERSION = 1.0;
				PRODUCT_BUNDLE_IDENTIFIER = "com.createchsol.Mesh-Background-Creator";
				PRODUCT_NAME = "$(TARGET_NAME)";
				SDKROOT = iphoneos;
				SWIFT_EMIT_LOC_STRINGS = YES;
				SWIFT_VERSION = 5.0;
				TARGETED_DEVICE_FAMILY = "1,2";
			};
			name = Debug;
		};
		BB929F5C2C20D4FB00C95E99 /* Release */ = {
			isa = XCBuildConfiguration;
			buildSettings = {
				ASSETCATALOG_COMPILER_APPICON_NAME = AppIcon;
				ASSETCATALOG_COMPILER_GLOBAL_ACCENT_COLOR_NAME = AccentColor;
				CODE_SIGN_STYLE = Automatic;
				CURRENT_PROJECT_VERSION = 1;
				DEVELOPMENT_ASSET_PATHS = "\"MeshGradient Creator/Preview Content\"";
				DEVELOPMENT_TEAM = RKV4UP49S6;
				ENABLE_PREVIEWS = YES;
				GENERATE_INFOPLIST_FILE = YES;
				INFOPLIST_KEY_UIApplicationSceneManifest_Generation = YES;
				INFOPLIST_KEY_UIApplicationSupportsIndirectInputEvents = YES;
				INFOPLIST_KEY_UILaunchScreen_Generation = YES;
				INFOPLIST_KEY_UILaunchStoryboardName = "Launch Screen.storyboard";
				INFOPLIST_KEY_UISupportedInterfaceOrientations_iPad = "UIInterfaceOrientationLandscapeLeft UIInterfaceOrientationPortraitUpsideDown UIInterfaceOrientationPortrait UIInterfaceOrientationLandscapeRight";
				INFOPLIST_KEY_UISupportedInterfaceOrientations_iPhone = UIInterfaceOrientationPortrait;
				IPHONEOS_DEPLOYMENT_TARGET = 18.0;
				LD_RUNPATH_SEARCH_PATHS = (
					"$(inherited)",
					"@executable_path/Frameworks",
				);
				MARKETING_VERSION = 1.0;
				PRODUCT_BUNDLE_IDENTIFIER = "com.createchsol.Mesh-Background-Creator";
				PRODUCT_NAME = "$(TARGET_NAME)";
				SDKROOT = iphoneos;
				SWIFT_EMIT_LOC_STRINGS = YES;
				SWIFT_VERSION = 5.0;
				TARGETED_DEVICE_FAMILY = "1,2";
				VALIDATE_PRODUCT = YES;
			};
			name = Release;
		};
/* End XCBuildConfiguration section */

/* Begin XCConfigurationList section */
		BB59544B2C1911EF003838AB /* Build configuration list for PBXProject "Mesh Background Creator" */ = {
			isa = XCConfigurationList;
			buildConfigurations = (
				BB59545D2C1911F0003838AB /* Debug */,
				BB59545E2C1911F0003838AB /* Release */,
			);
			defaultConfigurationIsVisible = 0;
			defaultConfigurationName = Release;
		};
		BB59545F2C1911F0003838AB /* Build configuration list for PBXNativeTarget "Mesh Background Creator" */ = {
			isa = XCConfigurationList;
			buildConfigurations = (
				BB5954602C1911F0003838AB /* Debug */,
				BB5954612C1911F0003838AB /* Release */,
			);
			defaultConfigurationIsVisible = 0;
			defaultConfigurationName = Release;
		};
		BB929F5D2C20D4FB00C95E99 /* Build configuration list for PBXNativeTarget "MeshGradient Creator" */ = {
			isa = XCConfigurationList;
			buildConfigurations = (
				BB929F5B2C20D4FB00C95E99 /* Debug */,
				BB929F5C2C20D4FB00C95E99 /* Release */,
			);
			defaultConfigurationIsVisible = 0;
			defaultConfigurationName = Release;
		};
/* End XCConfigurationList section */
	};
	rootObject = BB5954482C1911EF003838AB /* Project object */;
}
